// !$*UTF8*$!
{
	archiveVersion = 1;
	classes = {
	};
	objectVersion = 56;
	objects = {

/* Begin PBXBuildFile section */
		B6DC19F02A84351500A26EE4 /* IBG_AppApp.swift in Sources */ = {isa = PBXBuildFile; fileRef = B6DC19EF2A84351500A26EE4 /* IBG_AppApp.swift */; };
		B6DC19F22A84351500A26EE4 /* ContentView.swift in Sources */ = {isa = PBXBuildFile; fileRef = B6DC19F12A84351500A26EE4 /* ContentView.swift */; };
		B6DC19F42A84351900A26EE4 /* Assets.xcassets in Resources */ = {isa = PBXBuildFile; fileRef = B6DC19F32A84351900A26EE4 /* Assets.xcassets */; };
		B6DC19F72A84351900A26EE4 /* Preview Assets.xcassets in Resources */ = {isa = PBXBuildFile; fileRef = B6DC19F62A84351900A26EE4 /* Preview Assets.xcassets */; };
		B6DC1A012A84351900A26EE4 /* IBG_AppTests.swift in Sources */ = {isa = PBXBuildFile; fileRef = B6DC1A002A84351900A26EE4 /* IBG_AppTests.swift */; };
		B6DC1A0B2A84351900A26EE4 /* IBG_AppUITests.swift in Sources */ = {isa = PBXBuildFile; fileRef = B6DC1A0A2A84351900A26EE4 /* IBG_AppUITests.swift */; };
		B6DC1A0D2A84351900A26EE4 /* IBG_AppUITestsLaunchTests.swift in Sources */ = {isa = PBXBuildFile; fileRef = B6DC1A0C2A84351900A26EE4 /* IBG_AppUITestsLaunchTests.swift */; };
/* End PBXBuildFile section */

/* Begin PBXContainerItemProxy section */
		B6DC19FD2A84351900A26EE4 /* PBXContainerItemProxy */ = {
			isa = PBXContainerItemProxy;
			containerPortal = B6DC19E42A84351500A26EE4 /* Project object */;
			proxyType = 1;
			remoteGlobalIDString = B6DC19EB2A84351500A26EE4;
			remoteInfo = "IBG App";
		};
		B6DC1A072A84351900A26EE4 /* PBXContainerItemProxy */ = {
			isa = PBXContainerItemProxy;
			containerPortal = B6DC19E42A84351500A26EE4 /* Project object */;
			proxyType = 1;
			remoteGlobalIDString = B6DC19EB2A84351500A26EE4;
			remoteInfo = "IBG App";
		};
/* End PBXContainerItemProxy section */

/* Begin PBXFileReference section */
		B6DC19EC2A84351500A26EE4 /* IBG App.app */ = {isa = PBXFileReference; explicitFileType = wrapper.application; includeInIndex = 0; path = "IBG App.app"; sourceTree = BUILT_PRODUCTS_DIR; };
		B6DC19EF2A84351500A26EE4 /* IBG_AppApp.swift */ = {isa = PBXFileReference; lastKnownFileType = sourcecode.swift; path = IBG_AppApp.swift; sourceTree = "<group>"; };
		B6DC19F12A84351500A26EE4 /* ContentView.swift */ = {isa = PBXFileReference; lastKnownFileType = sourcecode.swift; path = ContentView.swift; sourceTree = "<group>"; };
		B6DC19F32A84351900A26EE4 /* Assets.xcassets */ = {isa = PBXFileReference; lastKnownFileType = folder.assetcatalog; path = Assets.xcassets; sourceTree = "<group>"; };
		B6DC19F62A84351900A26EE4 /* Preview Assets.xcassets */ = {isa = PBXFileReference; lastKnownFileType = folder.assetcatalog; path = "Preview Assets.xcassets"; sourceTree = "<group>"; };
		B6DC19FC2A84351900A26EE4 /* IBG AppTests.xctest */ = {isa = PBXFileReference; explicitFileType = wrapper.cfbundle; includeInIndex = 0; path = "IBG AppTests.xctest"; sourceTree = BUILT_PRODUCTS_DIR; };
		B6DC1A002A84351900A26EE4 /* IBG_AppTests.swift */ = {isa = PBXFileReference; lastKnownFileType = sourcecode.swift; path = IBG_AppTests.swift; sourceTree = "<group>"; };
		B6DC1A062A84351900A26EE4 /* IBG AppUITests.xctest */ = {isa = PBXFileReference; explicitFileType = wrapper.cfbundle; includeInIndex = 0; path = "IBG AppUITests.xctest"; sourceTree = BUILT_PRODUCTS_DIR; };
		B6DC1A0A2A84351900A26EE4 /* IBG_AppUITests.swift */ = {isa = PBXFileReference; lastKnownFileType = sourcecode.swift; path = IBG_AppUITests.swift; sourceTree = "<group>"; };
		B6DC1A0C2A84351900A26EE4 /* IBG_AppUITestsLaunchTests.swift */ = {isa = PBXFileReference; lastKnownFileType = sourcecode.swift; path = IBG_AppUITestsLaunchTests.swift; sourceTree = "<group>"; };
/* End PBXFileReference section */

/* Begin PBXFrameworksBuildPhase section */
		B6DC19E92A84351500A26EE4 /* Frameworks */ = {
			isa = PBXFrameworksBuildPhase;
			buildActionMask = 2147483647;
			files = (
			);
			runOnlyForDeploymentPostprocessing = 0;
		};
		B6DC19F92A84351900A26EE4 /* Frameworks */ = {
			isa = PBXFrameworksBuildPhase;
			buildActionMask = 2147483647;
			files = (
			);
			runOnlyForDeploymentPostprocessing = 0;
		};
		B6DC1A032A84351900A26EE4 /* Frameworks */ = {
			isa = PBXFrameworksBuildPhase;
			buildActionMask = 2147483647;
			files = (
			);
			runOnlyForDeploymentPostprocessing = 0;
		};
/* End PBXFrameworksBuildPhase section */

/* Begin PBXGroup section */
		B6DC19E32A84351500A26EE4 = {
			isa = PBXGroup;
			children = (
				B6DC19EE2A84351500A26EE4 /* IBG App */,
				B6DC19FF2A84351900A26EE4 /* IBG AppTests */,
				B6DC1A092A84351900A26EE4 /* IBG AppUITests */,
				B6DC19ED2A84351500A26EE4 /* Products */,
			);
			sourceTree = "<group>";
		};
		B6DC19ED2A84351500A26EE4 /* Products */ = {
			isa = PBXGroup;
			children = (
				B6DC19EC2A84351500A26EE4 /* IBG App.app */,
				B6DC19FC2A84351900A26EE4 /* IBG AppTests.xctest */,
				B6DC1A062A84351900A26EE4 /* IBG AppUITests.xctest */,
			);
			name = Products;
			sourceTree = "<group>";
		};
		B6DC19EE2A84351500A26EE4 /* IBG App */ = {
			isa = PBXGroup;
			children = (
				B6DC19EF2A84351500A26EE4 /* IBG_AppApp.swift */,
				B6DC19F12A84351500A26EE4 /* ContentView.swift */,
				B6DC19F32A84351900A26EE4 /* Assets.xcassets */,
				B6DC19F52A84351900A26EE4 /* Preview Content */,
			);
			path = "IBG App";
			sourceTree = "<group>";
		};
		B6DC19F52A84351900A26EE4 /* Preview Content */ = {
			isa = PBXGroup;
			children = (
				B6DC19F62A84351900A26EE4 /* Preview Assets.xcassets */,
			);
			path = "Preview Content";
			sourceTree = "<group>";
		};
		B6DC19FF2A84351900A26EE4 /* IBG AppTests */ = {
			isa = PBXGroup;
			children = (
				B6DC1A002A84351900A26EE4 /* IBG_AppTests.swift */,
			);
			path = "IBG AppTests";
			sourceTree = "<group>";
		};
		B6DC1A092A84351900A26EE4 /* IBG AppUITests */ = {
			isa = PBXGroup;
			children = (
				B6DC1A0A2A84351900A26EE4 /* IBG_AppUITests.swift */,
				B6DC1A0C2A84351900A26EE4 /* IBG_AppUITestsLaunchTests.swift */,
			);
			path = "IBG AppUITests";
			sourceTree = "<group>";
		};
/* End PBXGroup section */

/* Begin PBXNativeTarget section */
		B6DC19EB2A84351500A26EE4 /* IBG App */ = {
			isa = PBXNativeTarget;
			buildConfigurationList = B6DC1A102A84351900A26EE4 /* Build configuration list for PBXNativeTarget "IBG App" */;
			buildPhases = (
				B6DC19E82A84351500A26EE4 /* Sources */,
				B6DC19E92A84351500A26EE4 /* Frameworks */,
				B6DC19EA2A84351500A26EE4 /* Resources */,
			);
			buildRules = (
			);
			dependencies = (
			);
			name = "IBG App";
			productName = "IBG App";
			productReference = B6DC19EC2A84351500A26EE4 /* IBG App.app */;
			productType = "com.apple.product-type.application";
		};
		B6DC19FB2A84351900A26EE4 /* IBG AppTests */ = {
			isa = PBXNativeTarget;
			buildConfigurationList = B6DC1A132A84351900A26EE4 /* Build configuration list for PBXNativeTarget "IBG AppTests" */;
			buildPhases = (
				B6DC19F82A84351900A26EE4 /* Sources */,
				B6DC19F92A84351900A26EE4 /* Frameworks */,
				B6DC19FA2A84351900A26EE4 /* Resources */,
			);
			buildRules = (
			);
			dependencies = (
				B6DC19FE2A84351900A26EE4 /* PBXTargetDependency */,
			);
			name = "IBG AppTests";
			productName = "IBG AppTests";
			productReference = B6DC19FC2A84351900A26EE4 /* IBG AppTests.xctest */;
			productType = "com.apple.product-type.bundle.unit-test";
		};
		B6DC1A052A84351900A26EE4 /* IBG AppUITests */ = {
			isa = PBXNativeTarget;
			buildConfigurationList = B6DC1A162A84351900A26EE4 /* Build configuration list for PBXNativeTarget "IBG AppUITests" */;
			buildPhases = (
				B6DC1A022A84351900A26EE4 /* Sources */,
				B6DC1A032A84351900A26EE4 /* Frameworks */,
				B6DC1A042A84351900A26EE4 /* Resources */,
			);
			buildRules = (
			);
			dependencies = (
				B6DC1A082A84351900A26EE4 /* PBXTargetDependency */,
			);
			name = "IBG AppUITests";
			productName = "IBG AppUITests";
			productReference = B6DC1A062A84351900A26EE4 /* IBG AppUITests.xctest */;
			productType = "com.apple.product-type.bundle.ui-testing";
		};
/* End PBXNativeTarget section */

/* Begin PBXProject section */
		B6DC19E42A84351500A26EE4 /* Project object */ = {
			isa = PBXProject;
			attributes = {
				BuildIndependentTargetsInParallel = 1;
				LastSwiftUpdateCheck = 1430;
				LastUpgradeCheck = 1430;
				TargetAttributes = {
					B6DC19EB2A84351500A26EE4 = {
						CreatedOnToolsVersion = 14.3.1;
					};
					B6DC19FB2A84351900A26EE4 = {
						CreatedOnToolsVersion = 14.3.1;
						TestTargetID = B6DC19EB2A84351500A26EE4;
					};
					B6DC1A052A84351900A26EE4 = {
						CreatedOnToolsVersion = 14.3.1;
						TestTargetID = B6DC19EB2A84351500A26EE4;
					};
				};
			};
			buildConfigurationList = B6DC19E72A84351500A26EE4 /* Build configuration list for PBXProject "IBG App" */;
			compatibilityVersion = "Xcode 14.0";
			developmentRegion = en;
			hasScannedForEncodings = 0;
			knownRegions = (
				en,
				Base,
			);
			mainGroup = B6DC19E32A84351500A26EE4;
			productRefGroup = B6DC19ED2A84351500A26EE4 /* Products */;
			projectDirPath = "";
			projectRoot = "";
			targets = (
				B6DC19EB2A84351500A26EE4 /* IBG App */,
				B6DC19FB2A84351900A26EE4 /* IBG AppTests */,
				B6DC1A052A84351900A26EE4 /* IBG AppUITests */,
			);
		};
/* End PBXProject section */

/* Begin PBXResourcesBuildPhase section */
		B6DC19EA2A84351500A26EE4 /* Resources */ = {
			isa = PBXResourcesBuildPhase;
			buildActionMask = 2147483647;
			files = (
				B6DC19F72A84351900A26EE4 /* Preview Assets.xcassets in Resources */,
				B6DC19F42A84351900A26EE4 /* Assets.xcassets in Resources */,
			);
			runOnlyForDeploymentPostprocessing = 0;
		};
		B6DC19FA2A84351900A26EE4 /* Resources */ = {
			isa = PBXResourcesBuildPhase;
			buildActionMask = 2147483647;
			files = (
			);
			runOnlyForDeploymentPostprocessing = 0;
		};
		B6DC1A042A84351900A26EE4 /* Resources */ = {
			isa = PBXResourcesBuildPhase;
			buildActionMask = 2147483647;
			files = (
			);
			runOnlyForDeploymentPostprocessing = 0;
		};
/* End PBXResourcesBuildPhase section */

/* Begin PBXSourcesBuildPhase section */
		B6DC19E82A84351500A26EE4 /* Sources */ = {
			isa = PBXSourcesBuildPhase;
			buildActionMask = 2147483647;
			files = (
				B6DC19F22A84351500A26EE4 /* ContentView.swift in Sources */,
				B6DC19F02A84351500A26EE4 /* IBG_AppApp.swift in Sources */,
			);
			runOnlyForDeploymentPostprocessing = 0;
		};
		B6DC19F82A84351900A26EE4 /* Sources */ = {
			isa = PBXSourcesBuildPhase;
			buildActionMask = 2147483647;
			files = (
				B6DC1A012A84351900A26EE4 /* IBG_AppTests.swift in Sources */,
			);
			runOnlyForDeploymentPostprocessing = 0;
		};
		B6DC1A022A84351900A26EE4 /* Sources */ = {
			isa = PBXSourcesBuildPhase;
			buildActionMask = 2147483647;
			files = (
				B6DC1A0B2A84351900A26EE4 /* IBG_AppUITests.swift in Sources */,
				B6DC1A0D2A84351900A26EE4 /* IBG_AppUITestsLaunchTests.swift in Sources */,
			);
			runOnlyForDeploymentPostprocessing = 0;
		};
/* End PBXSourcesBuildPhase section */

/* Begin PBXTargetDependency section */
		B6DC19FE2A84351900A26EE4 /* PBXTargetDependency */ = {
			isa = PBXTargetDependency;
			target = B6DC19EB2A84351500A26EE4 /* IBG App */;
			targetProxy = B6DC19FD2A84351900A26EE4 /* PBXContainerItemProxy */;
		};
		B6DC1A082A84351900A26EE4 /* PBXTargetDependency */ = {
			isa = PBXTargetDependency;
			target = B6DC19EB2A84351500A26EE4 /* IBG App */;
			targetProxy = B6DC1A072A84351900A26EE4 /* PBXContainerItemProxy */;
		};
/* End PBXTargetDependency section */

/* Begin XCBuildConfiguration section */
		B6DC1A0E2A84351900A26EE4 /* Debug */ = {
			isa = XCBuildConfiguration;
			buildSettings = {
				ALWAYS_SEARCH_USER_PATHS = NO;
				CLANG_ANALYZER_NONNULL = YES;
				CLANG_ANALYZER_NUMBER_OBJECT_CONVERSION = YES_AGGRESSIVE;
				CLANG_CXX_LANGUAGE_STANDARD = "gnu++20";
				CLANG_ENABLE_MODULES = YES;
				CLANG_ENABLE_OBJC_ARC = YES;
				CLANG_ENABLE_OBJC_WEAK = YES;
				CLANG_WARN_BLOCK_CAPTURE_AUTORELEASING = YES;
				CLANG_WARN_BOOL_CONVERSION = YES;
				CLANG_WARN_COMMA = YES;
				CLANG_WARN_CONSTANT_CONVERSION = YES;
				CLANG_WARN_DEPRECATED_OBJC_IMPLEMENTATIONS = YES;
				CLANG_WARN_DIRECT_OBJC_ISA_USAGE = YES_ERROR;
				CLANG_WARN_DOCUMENTATION_COMMENTS = YES;
				CLANG_WARN_EMPTY_BODY = YES;
				CLANG_WARN_ENUM_CONVERSION = YES;
				CLANG_WARN_INFINITE_RECURSION = YES;
				CLANG_WARN_INT_CONVERSION = YES;
				CLANG_WARN_NON_LITERAL_NULL_CONVERSION = YES;
				CLANG_WARN_OBJC_IMPLICIT_RETAIN_SELF = YES;
				CLANG_WARN_OBJC_LITERAL_CONVERSION = YES;
				CLANG_WARN_OBJC_ROOT_CLASS = YES_ERROR;
				CLANG_WARN_QUOTED_INCLUDE_IN_FRAMEWORK_HEADER = YES;
				CLANG_WARN_RANGE_LOOP_ANALYSIS = YES;
				CLANG_WARN_STRICT_PROTOTYPES = YES;
				CLANG_WARN_SUSPICIOUS_MOVE = YES;
				CLANG_WARN_UNGUARDED_AVAILABILITY = YES_AGGRESSIVE;
				CLANG_WARN_UNREACHABLE_CODE = YES;
				CLANG_WARN__DUPLICATE_METHOD_MATCH = YES;
				COPY_PHASE_STRIP = NO;
				DEBUG_INFORMATION_FORMAT = dwarf;
				ENABLE_STRICT_OBJC_MSGSEND = YES;
				ENABLE_TESTABILITY = YES;
				GCC_C_LANGUAGE_STANDARD = gnu11;
				GCC_DYNAMIC_NO_PIC = NO;
				GCC_NO_COMMON_BLOCKS = YES;
				GCC_OPTIMIZATION_LEVEL = 0;
				GCC_PREPROCESSOR_DEFINITIONS = (
					"DEBUG=1",
					"$(inherited)",
				);
				GCC_WARN_64_TO_32_BIT_CONVERSION = YES;
				GCC_WARN_ABOUT_RETURN_TYPE = YES_ERROR;
				GCC_WARN_UNDECLARED_SELECTOR = YES;
				GCC_WARN_UNINITIALIZED_AUTOS = YES_AGGRESSIVE;
				GCC_WARN_UNUSED_FUNCTION = YES;
				GCC_WARN_UNUSED_VARIABLE = YES;
				IPHONEOS_DEPLOYMENT_TARGET = 16.4;
				MTL_ENABLE_DEBUG_INFO = INCLUDE_SOURCE;
				MTL_FAST_MATH = YES;
				ONLY_ACTIVE_ARCH = YES;
				SDKROOT = iphoneos;
				SWIFT_ACTIVE_COMPILATION_CONDITIONS = DEBUG;
				SWIFT_OPTIMIZATION_LEVEL = "-Onone";
			};
			name = Debug;
		};
		B6DC1A0F2A84351900A26EE4 /* Release */ = {
			isa = XCBuildConfiguration;
			buildSettings = {
				ALWAYS_SEARCH_USER_PATHS = NO;
				CLANG_ANALYZER_NONNULL = YES;
				CLANG_ANALYZER_NUMBER_OBJECT_CONVERSION = YES_AGGRESSIVE;
				CLANG_CXX_LANGUAGE_STANDARD = "gnu++20";
				CLANG_ENABLE_MODULES = YES;
				CLANG_ENABLE_OBJC_ARC = YES;
				CLANG_ENABLE_OBJC_WEAK = YES;
				CLANG_WARN_BLOCK_CAPTURE_AUTORELEASING = YES;
				CLANG_WARN_BOOL_CONVERSION = YES;
				CLANG_WARN_COMMA = YES;
				CLANG_WARN_CONSTANT_CONVERSION = YES;
				CLANG_WARN_DEPRECATED_OBJC_IMPLEMENTATIONS = YES;
				CLANG_WARN_DIRECT_OBJC_ISA_USAGE = YES_ERROR;
				CLANG_WARN_DOCUMENTATION_COMMENTS = YES;
				CLANG_WARN_EMPTY_BODY = YES;
				CLANG_WARN_ENUM_CONVERSION = YES;
				CLANG_WARN_INFINITE_RECURSION = YES;
				CLANG_WARN_INT_CONVERSION = YES;
				CLANG_WARN_NON_LITERAL_NULL_CONVERSION = YES;
				CLANG_WARN_OBJC_IMPLICIT_RETAIN_SELF = YES;
				CLANG_WARN_OBJC_LITERAL_CONVERSION = YES;
				CLANG_WARN_OBJC_ROOT_CLASS = YES_ERROR;
				CLANG_WARN_QUOTED_INCLUDE_IN_FRAMEWORK_HEADER = YES;
				CLANG_WARN_RANGE_LOOP_ANALYSIS = YES;
				CLANG_WARN_STRICT_PROTOTYPES = YES;
				CLANG_WARN_SUSPICIOUS_MOVE = YES;
				CLANG_WARN_UNGUARDED_AVAILABILITY = YES_AGGRESSIVE;
				CLANG_WARN_UNREACHABLE_CODE = YES;
				CLANG_WARN__DUPLICATE_METHOD_MATCH = YES;
				COPY_PHASE_STRIP = NO;
				DEBUG_INFORMATION_FORMAT = "dwarf-with-dsym";
				ENABLE_NS_ASSERTIONS = NO;
				ENABLE_STRICT_OBJC_MSGSEND = YES;
				GCC_C_LANGUAGE_STANDARD = gnu11;
				GCC_NO_COMMON_BLOCKS = YES;
				GCC_WARN_64_TO_32_BIT_CONVERSION = YES;
				GCC_WARN_ABOUT_RETURN_TYPE = YES_ERROR;
				GCC_WARN_UNDECLARED_SELECTOR = YES;
				GCC_WARN_UNINITIALIZED_AUTOS = YES_AGGRESSIVE;
				GCC_WARN_UNUSED_FUNCTION = YES;
				GCC_WARN_UNUSED_VARIABLE = YES;
				IPHONEOS_DEPLOYMENT_TARGET = 16.4;
				MTL_ENABLE_DEBUG_INFO = NO;
				MTL_FAST_MATH = YES;
				SDKROOT = iphoneos;
				SWIFT_COMPILATION_MODE = wholemodule;
				SWIFT_OPTIMIZATION_LEVEL = "-O";
				VALIDATE_PRODUCT = YES;
			};
			name = Release;
		};
		B6DC1A112A84351900A26EE4 /* Debug */ = {
			isa = XCBuildConfiguration;
			buildSettings = {
				ASSETCATALOG_COMPILER_APPICON_NAME = AppIcon;
				ASSETCATALOG_COMPILER_GLOBAL_ACCENT_COLOR_NAME = AccentColor;
				CODE_SIGN_STYLE = Automatic;
				CURRENT_PROJECT_VERSION = 1;
				DEVELOPMENT_ASSET_PATHS = "\"IBG App/Preview Content\"";
				ENABLE_PREVIEWS = YES;
				GENERATE_INFOPLIST_FILE = YES;
				INFOPLIST_KEY_UIApplicationSceneManifest_Generation = YES;
				INFOPLIST_KEY_UIApplicationSupportsIndirectInputEvents = YES;
				INFOPLIST_KEY_UILaunchScreen_Generation = YES;
				INFOPLIST_KEY_UISupportedInterfaceOrientations_iPad = "UIInterfaceOrientationPortrait UIInterfaceOrientationPortraitUpsideDown UIInterfaceOrientationLandscapeLeft UIInterfaceOrientationLandscapeRight";
				INFOPLIST_KEY_UISupportedInterfaceOrientations_iPhone = "UIInterfaceOrientationPortrait UIInterfaceOrientationLandscapeLeft UIInterfaceOrientationLandscapeRight";
				LD_RUNPATH_SEARCH_PATHS = (
					"$(inherited)",
					"@executable_path/Frameworks",
				);
				MARKETING_VERSION = 1.0;
				PRODUCT_BUNDLE_IDENTIFIER = "firstApp.IBG-App";
				PRODUCT_NAME = "$(TARGET_NAME)";
				SWIFT_EMIT_LOC_STRINGS = YES;
				SWIFT_VERSION = 5.0;
				TARGETED_DEVICE_FAMILY = "1,2";
			};
			name = Debug;
		};
		B6DC1A122A84351900A26EE4 /* Release */ = {
			isa = XCBuildConfiguration;
			buildSettings = {
				ASSETCATALOG_COMPILER_APPICON_NAME = AppIcon;
				ASSETCATALOG_COMPILER_GLOBAL_ACCENT_COLOR_NAME = AccentColor;
				CODE_SIGN_STYLE = Automatic;
				CURRENT_PROJECT_VERSION = 1;
				DEVELOPMENT_ASSET_PATHS = "\"IBG App/Preview Content\"";
				ENABLE_PREVIEWS = YES;
				GENERATE_INFOPLIST_FILE = YES;
				INFOPLIST_KEY_UIApplicationSceneManifest_Generation = YES;
				INFOPLIST_KEY_UIApplicationSupportsIndirectInputEvents = YES;
				INFOPLIST_KEY_UILaunchScreen_Generation = YES;
				INFOPLIST_KEY_UISupportedInterfaceOrientations_iPad = "UIInterfaceOrientationPortrait UIInterfaceOrientationPortraitUpsideDown UIInterfaceOrientationLandscapeLeft UIInterfaceOrientationLandscapeRight";
				INFOPLIST_KEY_UISupportedInterfaceOrientations_iPhone = "UIInterfaceOrientationPortrait UIInterfaceOrientationLandscapeLeft UIInterfaceOrientationLandscapeRight";
				LD_RUNPATH_SEARCH_PATHS = (
					"$(inherited)",
					"@executable_path/Frameworks",
				);
				MARKETING_VERSION = 1.0;
				PRODUCT_BUNDLE_IDENTIFIER = "firstApp.IBG-App";
				PRODUCT_NAME = "$(TARGET_NAME)";
				SWIFT_EMIT_LOC_STRINGS = YES;
				SWIFT_VERSION = 5.0;
				TARGETED_DEVICE_FAMILY = "1,2";
			};
			name = Release;
		};
		B6DC1A142A84351900A26EE4 /* Debug */ = {
			isa = XCBuildConfiguration;
			buildSettings = {
				ALWAYS_EMBED_SWIFT_STANDARD_LIBRARIES = YES;
				BUNDLE_LOADER = "$(TEST_HOST)";
				CODE_SIGN_STYLE = Automatic;
				CURRENT_PROJECT_VERSION = 1;
				GENERATE_INFOPLIST_FILE = YES;
				IPHONEOS_DEPLOYMENT_TARGET = 16.4;
				MARKETING_VERSION = 1.0;
				PRODUCT_BUNDLE_IDENTIFIER = "firstApp.IBG-AppTests";
				PRODUCT_NAME = "$(TARGET_NAME)";
				SWIFT_EMIT_LOC_STRINGS = NO;
				SWIFT_VERSION = 5.0;
				TARGETED_DEVICE_FAMILY = "1,2";
				TEST_HOST = "$(BUILT_PRODUCTS_DIR)/IBG App.app/$(BUNDLE_EXECUTABLE_FOLDER_PATH)/IBG App";
			};
			name = Debug;
		};
		B6DC1A152A84351900A26EE4 /* Release */ = {
			isa = XCBuildConfiguration;
			buildSettings = {
				ALWAYS_EMBED_SWIFT_STANDARD_LIBRARIES = YES;
				BUNDLE_LOADER = "$(TEST_HOST)";
				CODE_SIGN_STYLE = Automatic;
				CURRENT_PROJECT_VERSION = 1;
				GENERATE_INFOPLIST_FILE = YES;
				IPHONEOS_DEPLOYMENT_TARGET = 16.4;
				MARKETING_VERSION = 1.0;
				PRODUCT_BUNDLE_IDENTIFIER = "firstApp.IBG-AppTests";
				PRODUCT_NAME = "$(TARGET_NAME)";
				SWIFT_EMIT_LOC_STRINGS = NO;
				SWIFT_VERSION = 5.0;
				TARGETED_DEVICE_FAMILY = "1,2";
				TEST_HOST = "$(BUILT_PRODUCTS_DIR)/IBG App.app/$(BUNDLE_EXECUTABLE_FOLDER_PATH)/IBG App";
			};
			name = Release;
		};
		B6DC1A172A84351900A26EE4 /* Debug */ = {
			isa = XCBuildConfiguration;
			buildSettings = {
				ALWAYS_EMBED_SWIFT_STANDARD_LIBRARIES = YES;
				CODE_SIGN_STYLE = Automatic;
				CURRENT_PROJECT_VERSION = 1;
				GENERATE_INFOPLIST_FILE = YES;
				MARKETING_VERSION = 1.0;
				PRODUCT_BUNDLE_IDENTIFIER = "firstApp.IBG-AppUITests";
				PRODUCT_NAME = "$(TARGET_NAME)";
				SWIFT_EMIT_LOC_STRINGS = NO;
				SWIFT_VERSION = 5.0;
				TARGETED_DEVICE_FAMILY = "1,2";
				TEST_TARGET_NAME = "IBG App";
			};
			name = Debug;
		};
		B6DC1A182A84351900A26EE4 /* Release */ = {
			isa = XCBuildConfiguration;
			buildSettings = {
				ALWAYS_EMBED_SWIFT_STANDARD_LIBRARIES = YES;
				CODE_SIGN_STYLE = Automatic;
				CURRENT_PROJECT_VERSION = 1;
				GENERATE_INFOPLIST_FILE = YES;
				MARKETING_VERSION = 1.0;
				PRODUCT_BUNDLE_IDENTIFIER = "firstApp.IBG-AppUITests";
				PRODUCT_NAME = "$(TARGET_NAME)";
				SWIFT_EMIT_LOC_STRINGS = NO;
				SWIFT_VERSION = 5.0;
				TARGETED_DEVICE_FAMILY = "1,2";
				TEST_TARGET_NAME = "IBG App";
			};
			name = Release;
		};
/* End XCBuildConfiguration section */

/* Begin XCConfigurationList section */
		B6DC19E72A84351500A26EE4 /* Build configuration list for PBXProject "IBG App" */ = {
			isa = XCConfigurationList;
			buildConfigurations = (
				B6DC1A0E2A84351900A26EE4 /* Debug */,
				B6DC1A0F2A84351900A26EE4 /* Release */,
			);
			defaultConfigurationIsVisible = 0;
			defaultConfigurationName = Release;
		};
		B6DC1A102A84351900A26EE4 /* Build configuration list for PBXNativeTarget "IBG App" */ = {
			isa = XCConfigurationList;
			buildConfigurations = (
				B6DC1A112A84351900A26EE4 /* Debug */,
				B6DC1A122A84351900A26EE4 /* Release */,
			);
			defaultConfigurationIsVisible = 0;
			defaultConfigurationName = Release;
		};
		B6DC1A132A84351900A26EE4 /* Build configuration list for PBXNativeTarget "IBG AppTests" */ = {
			isa = XCConfigurationList;
			buildConfigurations = (
				B6DC1A142A84351900A26EE4 /* Debug */,
				B6DC1A152A84351900A26EE4 /* Release */,
			);
			defaultConfigurationIsVisible = 0;
			defaultConfigurationName = Release;
		};
		B6DC1A162A84351900A26EE4 /* Build configuration list for PBXNativeTarget "IBG AppUITests" */ = {
			isa = XCConfigurationList;
			buildConfigurations = (
				B6DC1A172A84351900A26EE4 /* Debug */,
				B6DC1A182A84351900A26EE4 /* Release */,
			);
			defaultConfigurationIsVisible = 0;
			defaultConfigurationName = Release;
		};
/* End XCConfigurationList section */
	};
	rootObject = B6DC19E42A84351500A26EE4 /* Project object */;
}
